Microsoft Visual Studio Solution File, Format Version 12.00
# Visual Studio Version 17
VisualStudioVersion = 17.5.2.0
MinimumVisualStudioVersion = 10.0.40219.1
Project("{FAE04EC0-301F-11D3-BF4B-00C04F79EFBC}") = "SavorSpace", "SavorSpace.csproj", "{ED9DDF78-BCEA-7EB2-4083-5E48D25D32CB}"
EndProject
Global
	GlobalSection(SolutionConfigurationPlatforms) = preSolution
		Debug|Any CPU = Debug|Any CPU
		Release|Any CPU = Release|Any CPU
	EndGlobalSection
	GlobalSection(ProjectConfigurationPlatforms) = postSolution
		{ED9DDF78-BCEA-7EB2-4083-5E48D25D32CB}.Debug|Any CPU.ActiveCfg = Debug|Any CPU
		{ED9DDF78-BCEA-7EB2-4083-5E48D25D32CB}.Debug|Any CPU.Build.0 = Debug|Any CPU
		{ED9DDF78-BCEA-7EB2-4083-5E48D25D32CB}.Release|Any CPU.ActiveCfg = Release|Any CPU
		{ED9DDF78-BCEA-7EB2-4083-5E48D25D32CB}.Release|Any CPU.Build.0 = Release|Any CPU
	EndGlobalSection
	GlobalSection(SolutionProperties) = preSolution
		HideSolutionNode = FALSE
	EndGlobalSection
	GlobalSection(ExtensibilityGlobals) = postSolution
		SolutionGuid = {D60B4F21-4071-48BA-8014-254F06B4F9B3}
	EndGlobalSection
EndGlobal
